
Microsoft Visual Studio Solution File, Format Version 12.00
# Visual Studio Version 16
VisualStudioVersion = 16.0.32106.194
MinimumVisualStudioVersion = 10.0.40219.1
Project("{9A19103F-16F7-4668-BE54-9A1E7A4F7556}") = "LG.Treinamento.UIWebMVC", "LG.Treinamento.UIWebMVC\LG.Treinamento.UIWebMVC.csproj", "{5ACEF348-794A-417D-91FE-1546C23B76B6}"
EndProject
Project("{9A19103F-16F7-4668-BE54-9A1E7A4F7556}") = "LG.Treinamento.ServicoMapeador", "LG.Treinamento.ServicoMapeador\LG.Treinamento.ServicoMapeador.csproj", "{725B89B8-8F03-41E3-A49E-EDCF8DF7D97B}"
EndProject
Project("{9A19103F-16F7-4668-BE54-9A1E7A4F7556}") = "LG.Treinamento.Negocio", "LG.Treinamento.Negocio\LG.Treinamento.Negocio.csproj", "{BA8C2FB2-E9B5-4840-8618-D3D1D6D69932}"
EndProject
Project("{9A19103F-16F7-4668-BE54-9A1E7A4F7556}") = "LG.Treinamento.InterfacesFabricas", "LG.Treinamento.InterfacesFabricas\LG.Treinamento.InterfacesFabricas.csproj", "{E32624C2-0164-4737-A555-1B1AFF427641}"
EndProject
Project("{2150E333-8FDC-42A3-9474-1A3956D46DE8}") = "Testes", "Testes", "{15A21E60-C650-4C17-B47D-5BE566DA4B3D}"
EndProject
Project("{FAE04EC0-301F-11D3-BF4B-00C04F79EFBC}") = "LG.Treinamento.Testes.Integracao", "LG.Treinamento.Testes.Integracao\LG.Treinamento.Testes.Integracao.csproj", "{8A7F47B2-2E73-4A1D-BAD0-5027BBF6FD65}"
EndProject
Global
	GlobalSection(SolutionConfigurationPlatforms) = preSolution
		Debug|Any CPU = Debug|Any CPU
		Release|Any CPU = Release|Any CPU
	EndGlobalSection
	GlobalSection(ProjectConfigurationPlatforms) = postSolution
		{5ACEF348-794A-417D-91FE-1546C23B76B6}.Debug|Any CPU.ActiveCfg = Debug|Any CPU
		{5ACEF348-794A-417D-91FE-1546C23B76B6}.Debug|Any CPU.Build.0 = Debug|Any CPU
		{5ACEF348-794A-417D-91FE-1546C23B76B6}.Release|Any CPU.ActiveCfg = Release|Any CPU
		{5ACEF348-794A-417D-91FE-1546C23B76B6}.Release|Any CPU.Build.0 = Release|Any CPU
		{725B89B8-8F03-41E3-A49E-EDCF8DF7D97B}.Debug|Any CPU.ActiveCfg = Debug|Any CPU
		{725B89B8-8F03-41E3-A49E-EDCF8DF7D97B}.Debug|Any CPU.Build.0 = Debug|Any CPU
		{725B89B8-8F03-41E3-A49E-EDCF8DF7D97B}.Release|Any CPU.ActiveCfg = Release|Any CPU
		{725B89B8-8F03-41E3-A49E-EDCF8DF7D97B}.Release|Any CPU.Build.0 = Release|Any CPU
		{BA8C2FB2-E9B5-4840-8618-D3D1D6D69932}.Debug|Any CPU.ActiveCfg = Debug|Any CPU
		{BA8C2FB2-E9B5-4840-8618-D3D1D6D69932}.Debug|Any CPU.Build.0 = Debug|Any CPU
		{BA8C2FB2-E9B5-4840-8618-D3D1D6D69932}.Release|Any CPU.ActiveCfg = Release|Any CPU
		{BA8C2FB2-E9B5-4840-8618-D3D1D6D69932}.Release|Any CPU.Build.0 = Release|Any CPU
		{E32624C2-0164-4737-A555-1B1AFF427641}.Debug|Any CPU.ActiveCfg = Debug|Any CPU
		{E32624C2-0164-4737-A555-1B1AFF427641}.Debug|Any CPU.Build.0 = Debug|Any CPU
		{E32624C2-0164-4737-A555-1B1AFF427641}.Release|Any CPU.ActiveCfg = Release|Any CPU
		{E32624C2-0164-4737-A555-1B1AFF427641}.Release|Any CPU.Build.0 = Release|Any CPU
		{8A7F47B2-2E73-4A1D-BAD0-5027BBF6FD65}.Debug|Any CPU.ActiveCfg = Debug|Any CPU
		{8A7F47B2-2E73-4A1D-BAD0-5027BBF6FD65}.Debug|Any CPU.Build.0 = Debug|Any CPU
		{8A7F47B2-2E73-4A1D-BAD0-5027BBF6FD65}.Release|Any CPU.ActiveCfg = Release|Any CPU
		{8A7F47B2-2E73-4A1D-BAD0-5027BBF6FD65}.Release|Any CPU.Build.0 = Release|Any CPU
	EndGlobalSection
	GlobalSection(SolutionProperties) = preSolution
		HideSolutionNode = FALSE
	EndGlobalSection
	GlobalSection(NestedProjects) = preSolution
		{8A7F47B2-2E73-4A1D-BAD0-5027BBF6FD65} = {15A21E60-C650-4C17-B47D-5BE566DA4B3D}
	EndGlobalSection
	GlobalSection(ExtensibilityGlobals) = postSolution
		SolutionGuid = {51C912ED-528C-4452-8B18-759EED8255CF}
	EndGlobalSection
EndGlobal
