
Microsoft Visual Studio Solution File, Format Version 12.00
# Visual Studio Version 17
VisualStudioVersion = 17.2.32210.308
MinimumVisualStudioVersion = 10.0.40219.1
Project("{9A19103F-16F7-4668-BE54-9A1E7A4F7556}") = "LG.Treinamento.UIWebMVC", "LG.Treinamento.UIWebMVC\LG.Treinamento.UIWebMVC.csproj", "{5ACEF348-794A-417D-91FE-1546C23B76B6}"
EndProject
Project("{FAE04EC0-301F-11D3-BF4B-00C04F79EFBC}") = "LG.Treinamento.ServicoMapeador", "LG.Treinamento.ServicoMapeador\LG.Treinamento.ServicoMapeador.csproj", "{725B89B8-8F03-41E3-A49E-EDCF8DF7D97B}"
EndProject
Global
	GlobalSection(SolutionConfigurationPlatforms) = preSolution
		Debug|Any CPU = Debug|Any CPU
		Release|Any CPU = Release|Any CPU
	EndGlobalSection
	GlobalSection(ProjectConfigurationPlatforms) = postSolution
		{5ACEF348-794A-417D-91FE-1546C23B76B6}.Debug|Any CPU.ActiveCfg = Debug|Any CPU
		{5ACEF348-794A-417D-91FE-1546C23B76B6}.Debug|Any CPU.Build.0 = Debug|Any CPU
		{5ACEF348-794A-417D-91FE-1546C23B76B6}.Release|Any CPU.ActiveCfg = Release|Any CPU
		{5ACEF348-794A-417D-91FE-1546C23B76B6}.Release|Any CPU.Build.0 = Release|Any CPU
		{725B89B8-8F03-41E3-A49E-EDCF8DF7D97B}.Debug|Any CPU.ActiveCfg = Debug|Any CPU
		{725B89B8-8F03-41E3-A49E-EDCF8DF7D97B}.Debug|Any CPU.Build.0 = Debug|Any CPU
		{725B89B8-8F03-41E3-A49E-EDCF8DF7D97B}.Release|Any CPU.ActiveCfg = Release|Any CPU
		{725B89B8-8F03-41E3-A49E-EDCF8DF7D97B}.Release|Any CPU.Build.0 = Release|Any CPU
	EndGlobalSection
	GlobalSection(SolutionProperties) = preSolution
		HideSolutionNode = FALSE
	EndGlobalSection
	GlobalSection(ExtensibilityGlobals) = postSolution
		SolutionGuid = {51C912ED-528C-4452-8B18-759EED8255CF}
	EndGlobalSection
EndGlobal
